
Microsoft Visual Studio Solution File, Format Version 12.00
# Visual Studio Version 16
VisualStudioVersion = 16.0.30114.105
MinimumVisualStudioVersion = 10.0.40219.1
Project("{FAE04EC0-301F-11D3-BF4B-00C04F79EFBC}") = "4kTiles-Backend", "..\4kTiles-Backend\4kTiles-Backend.csproj", "{18B60AD2-F5FC-415E-AC13-8C73D6CD5FAE}"
EndProject
Project("{FAE04EC0-301F-11D3-BF4B-00C04F79EFBC}") = "4kTiles-Backend.Tests", "4kTiles-Backend.Tests.csproj", "{693D7423-0719-4DB0-A864-48FA9E917874}"
EndProject
Global
	GlobalSection(SolutionConfigurationPlatforms) = preSolution
		Debug|Any CPU = Debug|Any CPU
		Release|Any CPU = Release|Any CPU
	EndGlobalSection
	GlobalSection(SolutionProperties) = preSolution
		HideSolutionNode = FALSE
	EndGlobalSection
	GlobalSection(ProjectConfigurationPlatforms) = postSolution
		{18B60AD2-F5FC-415E-AC13-8C73D6CD5FAE}.Debug|Any CPU.ActiveCfg = Debug|Any CPU
		{18B60AD2-F5FC-415E-AC13-8C73D6CD5FAE}.Debug|Any CPU.Build.0 = Debug|Any CPU
		{18B60AD2-F5FC-415E-AC13-8C73D6CD5FAE}.Release|Any CPU.ActiveCfg = Release|Any CPU
		{18B60AD2-F5FC-415E-AC13-8C73D6CD5FAE}.Release|Any CPU.Build.0 = Release|Any CPU
		{693D7423-0719-4DB0-A864-48FA9E917874}.Debug|Any CPU.ActiveCfg = Debug|Any CPU
		{693D7423-0719-4DB0-A864-48FA9E917874}.Debug|Any CPU.Build.0 = Debug|Any CPU
		{693D7423-0719-4DB0-A864-48FA9E917874}.Release|Any CPU.ActiveCfg = Release|Any CPU
		{693D7423-0719-4DB0-A864-48FA9E917874}.Release|Any CPU.Build.0 = Release|Any CPU
	EndGlobalSection
EndGlobal
